// !$*UTF8*$!
{
	archiveVersion = 1;
	classes = {
	};
	objectVersion = 46;
	objects = {

/* Begin PBXBuildFile section */
		89518D071D53EA560039F5F2 /* CollageView.h in Headers */ = {isa = PBXBuildFile; fileRef = 89518D061D53EA560039F5F2 /* CollageView.h */; };
		89518D091D53EA560039F5F2 /* CollageView.m in Sources */ = {isa = PBXBuildFile; fileRef = 89518D081D53EA560039F5F2 /* CollageView.m */; };
/* End PBXBuildFile section */

/* Begin PBXFileReference section */
		89518D031D53EA560039F5F2 /* Collage.saver */ = {isa = PBXFileReference; explicitFileType = wrapper.cfbundle; includeInIndex = 0; path = Collage.saver; sourceTree = BUILT_PRODUCTS_DIR; };
		89518D061D53EA560039F5F2 /* CollageView.h */ = {isa = PBXFileReference; lastKnownFileType = sourcecode.c.h; path = CollageView.h; sourceTree = "<group>"; };
		89518D081D53EA560039F5F2 /* CollageView.m */ = {isa = PBXFileReference; lastKnownFileType = sourcecode.c.objc; path = CollageView.m; sourceTree = "<group>"; };
		89518D0A1D53EA560039F5F2 /* Info.plist */ = {isa = PBXFileReference; lastKnownFileType = text.plist.xml; path = Info.plist; sourceTree = "<group>"; };
/* End PBXFileReference section */

/* Begin PBXFrameworksBuildPhase section */
		89518CFF1D53EA560039F5F2 /* Frameworks */ = {
			isa = PBXFrameworksBuildPhase;
			buildActionMask = 2147483647;
			files = (
			);
			runOnlyForDeploymentPostprocessing = 0;
		};
/* End PBXFrameworksBuildPhase section */

/* Begin PBXGroup section */
		89518CF91D53EA560039F5F2 = {
			isa = PBXGroup;
			children = (
				89518D051D53EA560039F5F2 /* Collage */,
				89518D041D53EA560039F5F2 /* Products */,
			);
			sourceTree = "<group>";
		};
		89518D041D53EA560039F5F2 /* Products */ = {
			isa = PBXGroup;
			children = (
				89518D031D53EA560039F5F2 /* Collage.saver */,
			);
			name = Products;
			sourceTree = "<group>";
		};
		89518D051D53EA560039F5F2 /* Collage */ = {
			isa = PBXGroup;
			children = (
				89518D061D53EA560039F5F2 /* CollageView.h */,
				89518D081D53EA560039F5F2 /* CollageView.m */,
				89518D0A1D53EA560039F5F2 /* Info.plist */,
			);
			path = Collage;
			sourceTree = "<group>";
		};
/* End PBXGroup section */

/* Begin PBXHeadersBuildPhase section */
		89518D001D53EA560039F5F2 /* Headers */ = {
			isa = PBXHeadersBuildPhase;
			buildActionMask = 2147483647;
			files = (
				89518D071D53EA560039F5F2 /* CollageView.h in Headers */,
			);
			runOnlyForDeploymentPostprocessing = 0;
		};
/* End PBXHeadersBuildPhase section */

/* Begin PBXNativeTarget section */
		89518D021D53EA560039F5F2 /* Collage */ = {
			isa = PBXNativeTarget;
			buildConfigurationList = 89518D0D1D53EA560039F5F2 /* Build configuration list for PBXNativeTarget "Collage" */;
			buildPhases = (
				89518CFE1D53EA560039F5F2 /* Sources */,
				89518CFF1D53EA560039F5F2 /* Frameworks */,
				89518D001D53EA560039F5F2 /* Headers */,
				89518D011D53EA560039F5F2 /* Resources */,
			);
			buildRules = (
			);
			dependencies = (
			);
			name = Collage;
			productName = Collage;
			productReference = 89518D031D53EA560039F5F2 /* Collage.saver */;
			productType = "com.apple.product-type.bundle";
		};
/* End PBXNativeTarget section */

/* Begin PBXProject section */
		89518CFA1D53EA560039F5F2 /* Project object */ = {
			isa = PBXProject;
			attributes = {
				LastUpgradeCheck = 0800;
				ORGANIZATIONNAME = "Chloe Stars";
				TargetAttributes = {
					89518D021D53EA560039F5F2 = {
						CreatedOnToolsVersion = 8.0;
						DevelopmentTeam = 7P78LN5MWN;
						ProvisioningStyle = Automatic;
					};
				};
			};
			buildConfigurationList = 89518CFD1D53EA560039F5F2 /* Build configuration list for PBXProject "Collage" */;
			compatibilityVersion = "Xcode 3.2";
			developmentRegion = English;
			hasScannedForEncodings = 0;
			knownRegions = (
				en,
			);
			mainGroup = 89518CF91D53EA560039F5F2;
			productRefGroup = 89518D041D53EA560039F5F2 /* Products */;
			projectDirPath = "";
			projectRoot = "";
			targets = (
				89518D021D53EA560039F5F2 /* Collage */,
			);
		};
/* End PBXProject section */

/* Begin PBXResourcesBuildPhase section */
		89518D011D53EA560039F5F2 /* Resources */ = {
			isa = PBXResourcesBuildPhase;
			buildActionMask = 2147483647;
			files = (
			);
			runOnlyForDeploymentPostprocessing = 0;
		};
/* End PBXResourcesBuildPhase section */

/* Begin PBXSourcesBuildPhase section */
		89518CFE1D53EA560039F5F2 /* Sources */ = {
			isa = PBXSourcesBuildPhase;
			buildActionMask = 2147483647;
			files = (
				89518D091D53EA560039F5F2 /* CollageView.m in Sources */,
			);
			runOnlyForDeploymentPostprocessing = 0;
		};
/* End PBXSourcesBuildPhase section */

/* Begin XCBuildConfiguration section */
		89518D0B1D53EA560039F5F2 /* Debug */ = {
			isa = XCBuildConfiguration;
			buildSettings = {
				ALWAYS_SEARCH_USER_PATHS = NO;
				CLANG_ANALYZER_NONNULL = YES;
				CLANG_CXX_LANGUAGE_STANDARD = "gnu++0x";
				CLANG_CXX_LIBRARY = "libc++";
				CLANG_ENABLE_MODULES = YES;
				CLANG_ENABLE_OBJC_ARC = YES;
				CLANG_WARN_BOOL_CONVERSION = YES;
				CLANG_WARN_CONSTANT_CONVERSION = YES;
				CLANG_WARN_DIRECT_OBJC_ISA_USAGE = YES_ERROR;
				CLANG_WARN_DOCUMENTATION_COMMENTS = YES;
				CLANG_WARN_EMPTY_BODY = YES;
				CLANG_WARN_ENUM_CONVERSION = YES;
				CLANG_WARN_INFINITE_RECURSION = YES;
				CLANG_WARN_INT_CONVERSION = YES;
				CLANG_WARN_OBJC_ROOT_CLASS = YES_ERROR;
				CLANG_WARN_SUSPICIOUS_MOVES = YES;
				CLANG_WARN_UNREACHABLE_CODE = YES;
				CLANG_WARN__DUPLICATE_METHOD_MATCH = YES;
				CODE_SIGN_IDENTITY = "-";
				COPY_PHASE_STRIP = NO;
				DEBUG_INFORMATION_FORMAT = dwarf;
				ENABLE_STRICT_OBJC_MSGSEND = YES;
				ENABLE_TESTABILITY = YES;
				GCC_C_LANGUAGE_STANDARD = gnu99;
				GCC_DYNAMIC_NO_PIC = NO;
				GCC_NO_COMMON_BLOCKS = YES;
				GCC_OPTIMIZATION_LEVEL = 0;
				GCC_PREPROCESSOR_DEFINITIONS = (
					"DEBUG=1",
					"$(inherited)",
				);
				GCC_WARN_64_TO_32_BIT_CONVERSION = YES;
				GCC_WARN_ABOUT_RETURN_TYPE = YES_ERROR;
				GCC_WARN_UNDECLARED_SELECTOR = YES;
				GCC_WARN_UNINITIALIZED_AUTOS = YES_AGGRESSIVE;
				GCC_WARN_UNUSED_FUNCTION = YES;
				GCC_WARN_UNUSED_VARIABLE = YES;
				MACOSX_DEPLOYMENT_TARGET = 10.12;
				MTL_ENABLE_DEBUG_INFO = YES;
				ONLY_ACTIVE_ARCH = YES;
				SDKROOT = macosx;
			};
			name = Debug;
		};
		89518D0C1D53EA560039F5F2 /* Release */ = {
			isa = XCBuildConfiguration;
			buildSettings = {
				ALWAYS_SEARCH_USER_PATHS = NO;
				CLANG_ANALYZER_NONNULL = YES;
				CLANG_CXX_LANGUAGE_STANDARD = "gnu++0x";
				CLANG_CXX_LIBRARY = "libc++";
				CLANG_ENABLE_MODULES = YES;
				CLANG_ENABLE_OBJC_ARC = YES;
				CLANG_WARN_BOOL_CONVERSION = YES;
				CLANG_WARN_CONSTANT_CONVERSION = YES;
				CLANG_WARN_DIRECT_OBJC_ISA_USAGE = YES_ERROR;
				CLANG_WARN_DOCUMENTATION_COMMENTS = YES;
				CLANG_WARN_EMPTY_BODY = YES;
				CLANG_WARN_ENUM_CONVERSION = YES;
				CLANG_WARN_INFINITE_RECURSION = YES;
				CLANG_WARN_INT_CONVERSION = YES;
				CLANG_WARN_OBJC_ROOT_CLASS = YES_ERROR;
				CLANG_WARN_SUSPICIOUS_MOVES = YES;
				CLANG_WARN_UNREACHABLE_CODE = YES;
				CLANG_WARN__DUPLICATE_METHOD_MATCH = YES;
				CODE_SIGN_IDENTITY = "-";
				COPY_PHASE_STRIP = NO;
				DEBUG_INFORMATION_FORMAT = "dwarf-with-dsym";
				ENABLE_NS_ASSERTIONS = NO;
				ENABLE_STRICT_OBJC_MSGSEND = YES;
				GCC_C_LANGUAGE_STANDARD = gnu99;
				GCC_NO_COMMON_BLOCKS = YES;
				GCC_WARN_64_TO_32_BIT_CONVERSION = YES;
				GCC_WARN_ABOUT_RETURN_TYPE = YES_ERROR;
				GCC_WARN_UNDECLARED_SELECTOR = YES;
				GCC_WARN_UNINITIALIZED_AUTOS = YES_AGGRESSIVE;
				GCC_WARN_UNUSED_FUNCTION = YES;
				GCC_WARN_UNUSED_VARIABLE = YES;
				MACOSX_DEPLOYMENT_TARGET = 10.12;
				MTL_ENABLE_DEBUG_INFO = NO;
				SDKROOT = macosx;
			};
			name = Release;
		};
		89518D0E1D53EA560039F5F2 /* Debug */ = {
			isa = XCBuildConfiguration;
			buildSettings = {
				COMBINE_HIDPI_IMAGES = YES;
				DEVELOPMENT_TEAM = 7P78LN5MWN;
				INFOPLIST_FILE = Collage/Info.plist;
				INSTALL_PATH = "$(HOME)/Library/Screen Savers";
				PRODUCT_BUNDLE_IDENTIFIER = me.chloestars.Collage;
				PRODUCT_NAME = "$(TARGET_NAME)";
				WRAPPER_EXTENSION = saver;
			};
			name = Debug;
		};
		89518D0F1D53EA560039F5F2 /* Release */ = {
			isa = XCBuildConfiguration;
			buildSettings = {
				COMBINE_HIDPI_IMAGES = YES;
				DEVELOPMENT_TEAM = 7P78LN5MWN;
				INFOPLIST_FILE = Collage/Info.plist;
				INSTALL_PATH = "$(HOME)/Library/Screen Savers";
				PRODUCT_BUNDLE_IDENTIFIER = me.chloestars.Collage;
				PRODUCT_NAME = "$(TARGET_NAME)";
				WRAPPER_EXTENSION = saver;
			};
			name = Release;
		};
/* End XCBuildConfiguration section */

/* Begin XCConfigurationList section */
		89518CFD1D53EA560039F5F2 /* Build configuration list for PBXProject "Collage" */ = {
			isa = XCConfigurationList;
			buildConfigurations = (
				89518D0B1D53EA560039F5F2 /* Debug */,
				89518D0C1D53EA560039F5F2 /* Release */,
			);
			defaultConfigurationIsVisible = 0;
			defaultConfigurationName = Release;
		};
		89518D0D1D53EA560039F5F2 /* Build configuration list for PBXNativeTarget "Collage" */ = {
			isa = XCConfigurationList;
			buildConfigurations = (
				89518D0E1D53EA560039F5F2 /* Debug */,
				89518D0F1D53EA560039F5F2 /* Release */,
			);
			defaultConfigurationIsVisible = 0;
		};
/* End XCConfigurationList section */
	};
	rootObject = 89518CFA1D53EA560039F5F2 /* Project object */;
}
